
Microsoft Visual Studio Solution File, Format Version 12.00
# Visual Studio Version 17
VisualStudioVersion = 17.9.34616.47
MinimumVisualStudioVersion = 10.0.40219.1
Project("{FAE04EC0-301F-11D3-BF4B-00C04F79EFBC}") = "Exam2", "Exam2.csproj", "{300C5A02-308A-4892-B48D-2552A37AFBCC}"
EndProject
Global
	GlobalSection(SolutionConfigurationPlatforms) = preSolution
		Debug|Any CPU = Debug|Any CPU
		Release|Any CPU = Release|Any CPU
	EndGlobalSection
	GlobalSection(ProjectConfigurationPlatforms) = postSolution
		{300C5A02-308A-4892-B48D-2552A37AFBCC}.Debug|Any CPU.ActiveCfg = Debug|Any CPU
		{300C5A02-308A-4892-B48D-2552A37AFBCC}.Debug|Any CPU.Build.0 = Debug|Any CPU
		{300C5A02-308A-4892-B48D-2552A37AFBCC}.Release|Any CPU.ActiveCfg = Release|Any CPU
		{300C5A02-308A-4892-B48D-2552A37AFBCC}.Release|Any CPU.Build.0 = Release|Any CPU
	EndGlobalSection
	GlobalSection(SolutionProperties) = preSolution
		HideSolutionNode = FALSE
	EndGlobalSection
	GlobalSection(ExtensibilityGlobals) = postSolution
		SolutionGuid = {F595614B-13E8-4124-A55E-BD3E176414B2}
	EndGlobalSection
EndGlobal
